
Microsoft Visual Studio Solution File, Format Version 12.00
Project("{FAE04EC0-301F-11D3-BF4B-00C04F79EFBC}") = "TelegramBot.Worker", "src\TelegramBot.Worker\TelegramBot.Worker.csproj", "{EA129B88-2AB9-4764-A84F-D0AAE47950F0}"
EndProject
Project("{FAE04EC0-301F-11D3-BF4B-00C04F79EFBC}") = "TelegramBot.Application", "src\TelegramBot.Application\TelegramBot.Application.csproj", "{3E407AF5-07F4-4B37-BDFF-FCC3DAB0393E}"
EndProject
Project("{FAE04EC0-301F-11D3-BF4B-00C04F79EFBC}") = "TelegramBot.Domain", "src\TelegramBot.Domain\TelegramBot.Domain.csproj", "{9CAB6A84-9EF3-49B2-AD88-6ED7BF05EA0A}"
EndProject
Project("{2150E333-8FDC-42A3-9474-1A3956D46DE8}") = "src", "src", "{887BC599-DC76-4D4A-B518-D153573FC665}"
EndProject
Project("{FAE04EC0-301F-11D3-BF4B-00C04F79EFBC}") = "TelegramBot.Persistence", "src\TelegramBot.Persistence\TelegramBot.Persistence.csproj", "{CF0B687A-5CD3-468B-A509-A939ACEA7CF9}"
EndProject
Project("{2150E333-8FDC-42A3-9474-1A3956D46DE8}") = "Partitions", "Partitions", "{88E80813-F346-4BFC-B5F3-D436417C3F93}"
EndProject
Project("{2150E333-8FDC-42A3-9474-1A3956D46DE8}") = "Main", "Main", "{D9ED0F2C-585C-4B73-AE7E-8124BBF6D765}"
EndProject
Project("{2150E333-8FDC-42A3-9474-1A3956D46DE8}") = "Core", "Core", "{5CE0FBDF-AAC8-43FA-B505-5AA60C939396}"
EndProject
Project("{FAE04EC0-301F-11D3-BF4B-00C04F79EFBC}") = "Main.Core.Application", "src\Partitions\Main\Core\Main.Core.Application\Main.Core.Application.csproj", "{24194367-3A22-47C9-AF3D-B05475ABFB3E}"
EndProject
Project("{FAE04EC0-301F-11D3-BF4B-00C04F79EFBC}") = "Main.Core", "src\Partitions\Main\Main.Core\Main.Core.csproj", "{ABA2F35F-4620-4B1A-A8C0-B38A34E6EAF2}"
EndProject
Project("{FAE04EC0-301F-11D3-BF4B-00C04F79EFBC}") = "Main.Core.Domain", "src\Partitions\Main\Core\Main.Core.Domain\Main.Core.Domain.csproj", "{BF327932-39AF-46E1-AC32-CB2FCCCB1F20}"
EndProject
Project("{FAE04EC0-301F-11D3-BF4B-00C04F79EFBC}") = "Main.Core.Infrastructure", "src\Partitions\Main\Core\Main.Core.Infrastructure\Main.Core.Infrastructure.csproj", "{57630C9B-E343-4E87-844F-47121B0CE9FE}"
EndProject
Project("{FAE04EC0-301F-11D3-BF4B-00C04F79EFBC}") = "Main.Core.Persistence", "src\Partitions\Main\Core\Main.Core.Persistence\Main.Core.Persistence.csproj", "{5A045F6D-8A74-4B2E-9078-DEC7D02D7BD4}"
EndProject
Project("{FAE04EC0-301F-11D3-BF4B-00C04F79EFBC}") = "TelegramBot.Partitions.Shared", "src\Partitions\TelegramBot.Partitions.Shared\TelegramBot.Partitions.Shared.csproj", "{647A83D0-94E4-4A6F-8335-031DF381025C}"
EndProject
Global
	GlobalSection(SolutionConfigurationPlatforms) = preSolution
		Debug|Any CPU = Debug|Any CPU
		Release|Any CPU = Release|Any CPU
	EndGlobalSection
	GlobalSection(ProjectConfigurationPlatforms) = postSolution
		{EA129B88-2AB9-4764-A84F-D0AAE47950F0}.Debug|Any CPU.ActiveCfg = Debug|Any CPU
		{EA129B88-2AB9-4764-A84F-D0AAE47950F0}.Debug|Any CPU.Build.0 = Debug|Any CPU
		{EA129B88-2AB9-4764-A84F-D0AAE47950F0}.Release|Any CPU.ActiveCfg = Release|Any CPU
		{EA129B88-2AB9-4764-A84F-D0AAE47950F0}.Release|Any CPU.Build.0 = Release|Any CPU
		{3E407AF5-07F4-4B37-BDFF-FCC3DAB0393E}.Debug|Any CPU.ActiveCfg = Debug|Any CPU
		{3E407AF5-07F4-4B37-BDFF-FCC3DAB0393E}.Debug|Any CPU.Build.0 = Debug|Any CPU
		{3E407AF5-07F4-4B37-BDFF-FCC3DAB0393E}.Release|Any CPU.ActiveCfg = Release|Any CPU
		{3E407AF5-07F4-4B37-BDFF-FCC3DAB0393E}.Release|Any CPU.Build.0 = Release|Any CPU
		{9CAB6A84-9EF3-49B2-AD88-6ED7BF05EA0A}.Debug|Any CPU.ActiveCfg = Debug|Any CPU
		{9CAB6A84-9EF3-49B2-AD88-6ED7BF05EA0A}.Debug|Any CPU.Build.0 = Debug|Any CPU
		{9CAB6A84-9EF3-49B2-AD88-6ED7BF05EA0A}.Release|Any CPU.ActiveCfg = Release|Any CPU
		{9CAB6A84-9EF3-49B2-AD88-6ED7BF05EA0A}.Release|Any CPU.Build.0 = Release|Any CPU
		{CF0B687A-5CD3-468B-A509-A939ACEA7CF9}.Debug|Any CPU.ActiveCfg = Debug|Any CPU
		{CF0B687A-5CD3-468B-A509-A939ACEA7CF9}.Debug|Any CPU.Build.0 = Debug|Any CPU
		{CF0B687A-5CD3-468B-A509-A939ACEA7CF9}.Release|Any CPU.ActiveCfg = Release|Any CPU
		{CF0B687A-5CD3-468B-A509-A939ACEA7CF9}.Release|Any CPU.Build.0 = Release|Any CPU
		{24194367-3A22-47C9-AF3D-B05475ABFB3E}.Debug|Any CPU.ActiveCfg = Debug|Any CPU
		{24194367-3A22-47C9-AF3D-B05475ABFB3E}.Debug|Any CPU.Build.0 = Debug|Any CPU
		{24194367-3A22-47C9-AF3D-B05475ABFB3E}.Release|Any CPU.ActiveCfg = Release|Any CPU
		{24194367-3A22-47C9-AF3D-B05475ABFB3E}.Release|Any CPU.Build.0 = Release|Any CPU
		{ABA2F35F-4620-4B1A-A8C0-B38A34E6EAF2}.Debug|Any CPU.ActiveCfg = Debug|Any CPU
		{ABA2F35F-4620-4B1A-A8C0-B38A34E6EAF2}.Debug|Any CPU.Build.0 = Debug|Any CPU
		{ABA2F35F-4620-4B1A-A8C0-B38A34E6EAF2}.Release|Any CPU.ActiveCfg = Release|Any CPU
		{ABA2F35F-4620-4B1A-A8C0-B38A34E6EAF2}.Release|Any CPU.Build.0 = Release|Any CPU
		{BF327932-39AF-46E1-AC32-CB2FCCCB1F20}.Debug|Any CPU.ActiveCfg = Debug|Any CPU
		{BF327932-39AF-46E1-AC32-CB2FCCCB1F20}.Debug|Any CPU.Build.0 = Debug|Any CPU
		{BF327932-39AF-46E1-AC32-CB2FCCCB1F20}.Release|Any CPU.ActiveCfg = Release|Any CPU
		{BF327932-39AF-46E1-AC32-CB2FCCCB1F20}.Release|Any CPU.Build.0 = Release|Any CPU
		{57630C9B-E343-4E87-844F-47121B0CE9FE}.Debug|Any CPU.ActiveCfg = Debug|Any CPU
		{57630C9B-E343-4E87-844F-47121B0CE9FE}.Debug|Any CPU.Build.0 = Debug|Any CPU
		{57630C9B-E343-4E87-844F-47121B0CE9FE}.Release|Any CPU.ActiveCfg = Release|Any CPU
		{57630C9B-E343-4E87-844F-47121B0CE9FE}.Release|Any CPU.Build.0 = Release|Any CPU
		{5A045F6D-8A74-4B2E-9078-DEC7D02D7BD4}.Debug|Any CPU.ActiveCfg = Debug|Any CPU
		{5A045F6D-8A74-4B2E-9078-DEC7D02D7BD4}.Debug|Any CPU.Build.0 = Debug|Any CPU
		{5A045F6D-8A74-4B2E-9078-DEC7D02D7BD4}.Release|Any CPU.ActiveCfg = Release|Any CPU
		{5A045F6D-8A74-4B2E-9078-DEC7D02D7BD4}.Release|Any CPU.Build.0 = Release|Any CPU
		{647A83D0-94E4-4A6F-8335-031DF381025C}.Debug|Any CPU.ActiveCfg = Debug|Any CPU
		{647A83D0-94E4-4A6F-8335-031DF381025C}.Debug|Any CPU.Build.0 = Debug|Any CPU
		{647A83D0-94E4-4A6F-8335-031DF381025C}.Release|Any CPU.ActiveCfg = Release|Any CPU
		{647A83D0-94E4-4A6F-8335-031DF381025C}.Release|Any CPU.Build.0 = Release|Any CPU
	EndGlobalSection
	GlobalSection(NestedProjects) = preSolution
		{EA129B88-2AB9-4764-A84F-D0AAE47950F0} = {887BC599-DC76-4D4A-B518-D153573FC665}
		{3E407AF5-07F4-4B37-BDFF-FCC3DAB0393E} = {887BC599-DC76-4D4A-B518-D153573FC665}
		{9CAB6A84-9EF3-49B2-AD88-6ED7BF05EA0A} = {887BC599-DC76-4D4A-B518-D153573FC665}
		{CF0B687A-5CD3-468B-A509-A939ACEA7CF9} = {887BC599-DC76-4D4A-B518-D153573FC665}
		{88E80813-F346-4BFC-B5F3-D436417C3F93} = {887BC599-DC76-4D4A-B518-D153573FC665}
		{D9ED0F2C-585C-4B73-AE7E-8124BBF6D765} = {88E80813-F346-4BFC-B5F3-D436417C3F93}
		{5CE0FBDF-AAC8-43FA-B505-5AA60C939396} = {D9ED0F2C-585C-4B73-AE7E-8124BBF6D765}
		{24194367-3A22-47C9-AF3D-B05475ABFB3E} = {5CE0FBDF-AAC8-43FA-B505-5AA60C939396}
		{ABA2F35F-4620-4B1A-A8C0-B38A34E6EAF2} = {D9ED0F2C-585C-4B73-AE7E-8124BBF6D765}
		{BF327932-39AF-46E1-AC32-CB2FCCCB1F20} = {5CE0FBDF-AAC8-43FA-B505-5AA60C939396}
		{57630C9B-E343-4E87-844F-47121B0CE9FE} = {5CE0FBDF-AAC8-43FA-B505-5AA60C939396}
		{5A045F6D-8A74-4B2E-9078-DEC7D02D7BD4} = {5CE0FBDF-AAC8-43FA-B505-5AA60C939396}
		{647A83D0-94E4-4A6F-8335-031DF381025C} = {88E80813-F346-4BFC-B5F3-D436417C3F93}
	EndGlobalSection
EndGlobal
